
Microsoft Visual Studio Solution File, Format Version 12.00
# Visual Studio 2012
Project("{8BC9CEB8-8B4A-11D0-8D11-00A0C91BC942}") = "CS215Project3", "CS215Project3\CS215Project3.vcxproj", "{1AC1D24A-77D4-41F1-A1EC-534328B4EF8F}"
EndProject
Global
	GlobalSection(SolutionConfigurationPlatforms) = preSolution
		Debug|Win32 = Debug|Win32
		Release|Win32 = Release|Win32
	EndGlobalSection
	GlobalSection(ProjectConfigurationPlatforms) = postSolution
		{1AC1D24A-77D4-41F1-A1EC-534328B4EF8F}.Debug|Win32.ActiveCfg = Debug|Win32
		{1AC1D24A-77D4-41F1-A1EC-534328B4EF8F}.Debug|Win32.Build.0 = Debug|Win32
		{1AC1D24A-77D4-41F1-A1EC-534328B4EF8F}.Release|Win32.ActiveCfg = Release|Win32
		{1AC1D24A-77D4-41F1-A1EC-534328B4EF8F}.Release|Win32.Build.0 = Release|Win32
	EndGlobalSection
	GlobalSection(SolutionProperties) = preSolution
		HideSolutionNode = FALSE
	EndGlobalSection
EndGlobal
