
Microsoft Visual Studio Solution File, Format Version 12.00
# Visual Studio 2012
Project("{8BC9CEB8-8B4A-11D0-8D11-00A0C91BC942}") = "PA2", "PA2\PA2.vcxproj", "{B6F5B59C-5C46-4EE1-9549-664F5231D1DD}"
EndProject
Global
	GlobalSection(SolutionConfigurationPlatforms) = preSolution
		Debug|Win32 = Debug|Win32
		Release|Win32 = Release|Win32
	EndGlobalSection
	GlobalSection(ProjectConfigurationPlatforms) = postSolution
		{B6F5B59C-5C46-4EE1-9549-664F5231D1DD}.Debug|Win32.ActiveCfg = Debug|Win32
		{B6F5B59C-5C46-4EE1-9549-664F5231D1DD}.Debug|Win32.Build.0 = Debug|Win32
		{B6F5B59C-5C46-4EE1-9549-664F5231D1DD}.Release|Win32.ActiveCfg = Release|Win32
		{B6F5B59C-5C46-4EE1-9549-664F5231D1DD}.Release|Win32.Build.0 = Release|Win32
	EndGlobalSection
	GlobalSection(SolutionProperties) = preSolution
		HideSolutionNode = FALSE
	EndGlobalSection
EndGlobal
